<?xml version="1.0" encoding="utf-8"?>
<Project ToolsVersion="4.0" xmlns="http://schemas.microsoft.com/developer/msbuild/2003">
  <ItemGroup>
    <Filter Include="Source Files">
      <UniqueIdentifier>{4FC737F1-C7A5-4376-A066-2A32D752A2FF}</UniqueIdentifier>
      <Extensions>cpp;c;cc;cxx;c++;cppm;ixx;def;odl;idl;hpj;bat;asm;asmx</Extensions>
    </Filter>
    <Filter Include="Header Files">
      <UniqueIdentifier>{93995380-89BD-4b04-88EB-625FBE52EBFB}</UniqueIdentifier>
      <Extensions>h;hh;hpp;hxx;h++;hm;inl;inc;ipp;xsd</Extensions>
    </Filter>
    <Filter Include="Resource Files">
      <UniqueIdentifier>{67DA6AB6-F800-4c08-8B7A-83BB121AAD01}</UniqueIdentifier>
      <Extensions>rc;ico;cur;bmp;dlg;rc2;rct;bin;rgs;gif;jpg;jpeg;jpe;resx;tiff;tif;png;wav;mfcribbon-ms</Extensions>
    </Filter>
    <Filter Include="Admin">
      <UniqueIdentifier>{43d9f2c5-ca01-49be-ac98-6720d44a7184}</UniqueIdentifier>
    </Filter>
    <Filter Include="Helpers">
      <UniqueIdentifier>{4453b473-43c2-41aa-a92a-8f688b3f68e0}</UniqueIdentifier>
    </Filter>
    <Filter Include="Header Files\Helpers">
      <UniqueIdentifier>{e651d91c-2a04-4ed2-a0f9-043587305cd5}</UniqueIdentifier>
    </Filter>
    <Filter Include="Header Files\Admin">
      <UniqueIdentifier>{23955bba-f040-488a-870f-6540d5650d2a}</UniqueIdentifier>
    </Filter>
    <Filter Include="Student">
      <UniqueIdentifier>{b5a997fe-ca44-4cf5-8f62-c3cf67606660}</UniqueIdentifier>
    </Filter>
    <Filter Include="Header Files\Student">
      <UniqueIdentifier>{479a13ce-f616-47ec-8e0e-443ca1b03097}</UniqueIdentifier>
    </Filter>
    <Filter Include="Crud">
      <UniqueIdentifier>{78489934-4f98-4c92-abb7-71f8e594104e}</UniqueIdentifier>
    </Filter>
  </ItemGroup>
  <ItemGroup>
    <ClCompile Include="SchoolInformationSystem.cpp">
      <Filter>Source Files</Filter>
    </ClCompile>
    <ClCompile Include="Admin.cpp">
      <Filter>Admin</Filter>
    </ClCompile>
    <ClCompile Include="Student.cpp">
      <Filter>Student</Filter>
    </ClCompile>
    <ClCompile Include="Files.cpp">
      <Filter>Helpers</Filter>
    </ClCompile>
    <ClCompile Include="Crud.cpp">
      <Filter>Crud</Filter>
    </ClCompile>
  </ItemGroup>
  <ItemGroup>
    <ClInclude Include="Files.h">
      <Filter>Header Files\Helpers</Filter>
    </ClInclude>
    <ClInclude Include="Admin.h">
      <Filter>Header Files\Admin</Filter>
    </ClInclude>
    <ClInclude Include="Student.h">
      <Filter>Header Files\Student</Filter>
    </ClInclude>
    <ClInclude Include="Crud.h">
      <Filter>Header Files</Filter>
    </ClInclude>
  </ItemGroup>
</Project>